PODS:
  - HexColors (4.0.0)
  - iOS-blur (0.0.5)
  - SDWebImage (3.8.1):
    - SDWebImage/Core (= 3.8.1)
  - SDWebImage/Core (3.8.1)
  - WKUIKit (0.1.2):
    - HexColors
    - SDWebImage

DEPENDENCIES:
  - iOS-blur
  - WKUIKit (from `~/WorkSpace/WKUIKit`)

EXTERNAL SOURCES:
  WKUIKit:
    :path: ~/WorkSpace/WKUIKit

SPEC CHECKSUMS:
  HexColors: 5f95843ef89aff6a72e1fd3a8ebabf205cc43379
  iOS-blur: 8e4a4a2202b881e940869eca0c957808cbdf0a19
  SDWebImage: 35f9627a3e44b4f292a8a8ce6a531fa488239b91
  WKUIKit: d6ac03b9f8ea5932483005511283935e894f7f47

PODFILE CHECKSUM: a79a4540438466afbf49ac128f37458205337f64

COCOAPODS: 1.0.1
