<?xml version="1.0" encoding="UTF-8"?>
<!DOCTYPE plist PUBLIC "-//Apple//DTD PLIST 1.0//EN" "http://www.apple.com/DTDs/PropertyList-1.0.dtd">
<plist version="1.0">
<dict>
	<key>archiveVersion</key>
	<string>1</string>
	<key>classes</key>
	<dict/>
	<key>objectVersion</key>
	<string>46</string>
	<key>objects</key>
	<dict>
		<key>0184F03737B9F076A69EC57E</key>
		<dict>
			<key>buildActionMask</key>
			<string>2147483647</string>
			<key>files</key>
			<array/>
			<key>inputPaths</key>
			<array/>
			<key>isa</key>
			<string>PBXShellScriptBuildPhase</string>
			<key>name</key>
			<string>[CP] Copy Pods Resources</string>
			<key>outputPaths</key>
			<array/>
			<key>runOnlyForDeploymentPostprocessing</key>
			<string>0</string>
			<key>shellPath</key>
			<string>/bin/sh</string>
			<key>shellScript</key>
			<string>"${SRCROOT}/Pods/Target Support Files/Pods-WKMusic/Pods-WKMusic-resources.sh"
</string>
			<key>showEnvVarsInLog</key>
			<string>0</string>
		</dict>
		<key>11EAB04C779D38DCAA108BCB</key>
		<dict>
			<key>buildActionMask</key>
			<string>2147483647</string>
			<key>files</key>
			<array/>
			<key>inputPaths</key>
			<array/>
			<key>isa</key>
			<string>PBXShellScriptBuildPhase</string>
			<key>name</key>
			<string>Embed Pods Frameworks</string>
			<key>outputPaths</key>
			<array/>
			<key>runOnlyForDeploymentPostprocessing</key>
			<string>0</string>
			<key>shellPath</key>
			<string>/bin/sh</string>
			<key>shellScript</key>
			<string>"${SRCROOT}/Pods/Target Support Files/Pods-WKMusic/Pods-WKMusic-frameworks.sh"
</string>
			<key>showEnvVarsInLog</key>
			<string>0</string>
		</dict>
		<key>409BA12EF99445AF37BBC012</key>
		<dict>
			<key>children</key>
			<array>
				<string>D8FEFB9EB42A56EF29854C14</string>
				<string>A0DEAFFE665C84E7D126C6CB</string>
			</array>
			<key>isa</key>
			<string>PBXGroup</string>
			<key>name</key>
			<string>Pods</string>
			<key>sourceTree</key>
			<string>&lt;group&gt;</string>
		</dict>
		<key>67084B181D59F8A900E03E9C</key>
		<dict>
			<key>children</key>
			<array>
				<string>6759CBD81D5DA34100521328</string>
				<string>671252521D5B16CC0039A077</string>
				<string>67084B191D59F8A900E03E9C</string>
			</array>
			<key>isa</key>
			<string>PBXGroup</string>
			<key>path</key>
			<string>Business</string>
			<key>sourceTree</key>
			<string>&lt;group&gt;</string>
		</dict>
		<key>67084B191D59F8A900E03E9C</key>
		<dict>
			<key>children</key>
			<array>
				<string>67084B1A1D59F8DB00E03E9C</string>
				<string>67084B1B1D59F8DB00E03E9C</string>
				<string>67084B1C1D59F8DB00E03E9C</string>
				<string>67084B1D1D59F8DB00E03E9C</string>
			</array>
			<key>isa</key>
			<string>PBXGroup</string>
			<key>path</key>
			<string>Account</string>
			<key>sourceTree</key>
			<string>&lt;group&gt;</string>
		</dict>
		<key>67084B1A1D59F8DB00E03E9C</key>
		<dict>
			<key>children</key>
			<array>
				<string>67084B1E1D59F8FA00E03E9C</string>
				<string>67084B1F1D59F8FA00E03E9C</string>
			</array>
			<key>isa</key>
			<string>PBXGroup</string>
			<key>path</key>
			<string>Controllers</string>
			<key>sourceTree</key>
			<string>&lt;group&gt;</string>
		</dict>
		<key>67084B1B1D59F8DB00E03E9C</key>
		<dict>
			<key>children</key>
			<array>
				<string>67084B251D59F94A00E03E9C</string>
				<string>67084B261D59F94A00E03E9C</string>
			</array>
			<key>isa</key>
			<string>PBXGroup</string>
			<key>path</key>
			<string>Items</string>
			<key>sourceTree</key>
			<string>&lt;group&gt;</string>
		</dict>
		<key>67084B1C1D59F8DB00E03E9C</key>
		<dict>
			<key>children</key>
			<array/>
			<key>isa</key>
			<string>PBXGroup</string>
			<key>path</key>
			<string>Models</string>
			<key>sourceTree</key>
			<string>&lt;group&gt;</string>
		</dict>
		<key>67084B1D1D59F8DB00E03E9C</key>
		<dict>
			<key>children</key>
			<array/>
			<key>isa</key>
			<string>PBXGroup</string>
			<key>path</key>
			<string>Views</string>
			<key>sourceTree</key>
			<string>&lt;group&gt;</string>
		</dict>
		<key>67084B1E1D59F8FA00E03E9C</key>
		<dict>
			<key>fileEncoding</key>
			<string>4</string>
			<key>isa</key>
			<string>PBXFileReference</string>
			<key>lastKnownFileType</key>
			<string>sourcecode.c.h</string>
			<key>path</key>
			<string>WKUserIndexViewController.h</string>
			<key>sourceTree</key>
			<string>&lt;group&gt;</string>
		</dict>
		<key>67084B1F1D59F8FA00E03E9C</key>
		<dict>
			<key>fileEncoding</key>
			<string>4</string>
			<key>isa</key>
			<string>PBXFileReference</string>
			<key>lastKnownFileType</key>
			<string>sourcecode.c.objc</string>
			<key>path</key>
			<string>WKUserIndexViewController.m</string>
			<key>sourceTree</key>
			<string>&lt;group&gt;</string>
		</dict>
		<key>67084B201D59F8FA00E03E9C</key>
		<dict>
			<key>fileRef</key>
			<string>67084B1F1D59F8FA00E03E9C</string>
			<key>isa</key>
			<string>PBXBuildFile</string>
		</dict>
		<key>67084B211D59F92400E03E9C</key>
		<dict>
			<key>children</key>
			<array>
				<string>67084B221D59F93A00E03E9C</string>
				<string>67084B231D59F93A00E03E9C</string>
			</array>
			<key>isa</key>
			<string>PBXGroup</string>
			<key>path</key>
			<string>Items</string>
			<key>sourceTree</key>
			<string>&lt;group&gt;</string>
		</dict>
		<key>67084B221D59F93A00E03E9C</key>
		<dict>
			<key>fileEncoding</key>
			<string>4</string>
			<key>isa</key>
			<string>PBXFileReference</string>
			<key>lastKnownFileType</key>
			<string>sourcecode.c.h</string>
			<key>path</key>
			<string>WKItem.h</string>
			<key>sourceTree</key>
			<string>&lt;group&gt;</string>
		</dict>
		<key>67084B231D59F93A00E03E9C</key>
		<dict>
			<key>fileEncoding</key>
			<string>4</string>
			<key>isa</key>
			<string>PBXFileReference</string>
			<key>lastKnownFileType</key>
			<string>sourcecode.c.objc</string>
			<key>path</key>
			<string>WKItem.m</string>
			<key>sourceTree</key>
			<string>&lt;group&gt;</string>
		</dict>
		<key>67084B241D59F93A00E03E9C</key>
		<dict>
			<key>fileRef</key>
			<string>67084B231D59F93A00E03E9C</string>
			<key>isa</key>
			<string>PBXBuildFile</string>
		</dict>
		<key>67084B251D59F94A00E03E9C</key>
		<dict>
			<key>fileEncoding</key>
			<string>4</string>
			<key>isa</key>
			<string>PBXFileReference</string>
			<key>lastKnownFileType</key>
			<string>sourcecode.c.h</string>
			<key>path</key>
			<string>WKUserItem.h</string>
			<key>sourceTree</key>
			<string>&lt;group&gt;</string>
		</dict>
		<key>67084B261D59F94A00E03E9C</key>
		<dict>
			<key>fileEncoding</key>
			<string>4</string>
			<key>isa</key>
			<string>PBXFileReference</string>
			<key>lastKnownFileType</key>
			<string>sourcecode.c.objc</string>
			<key>path</key>
			<string>WKUserItem.m</string>
			<key>sourceTree</key>
			<string>&lt;group&gt;</string>
		</dict>
		<key>67084B271D59F94A00E03E9C</key>
		<dict>
			<key>fileRef</key>
			<string>67084B261D59F94A00E03E9C</string>
			<key>isa</key>
			<string>PBXBuildFile</string>
		</dict>
		<key>6712524E1D5B120A0039A077</key>
		<dict>
			<key>children</key>
			<array>
				<string>6712524F1D5B126B0039A077</string>
				<string>671252501D5B126B0039A077</string>
			</array>
			<key>isa</key>
			<string>PBXGroup</string>
			<key>path</key>
			<string>Views</string>
			<key>sourceTree</key>
			<string>&lt;group&gt;</string>
		</dict>
		<key>6712524F1D5B126B0039A077</key>
		<dict>
			<key>fileEncoding</key>
			<string>4</string>
			<key>isa</key>
			<string>PBXFileReference</string>
			<key>lastKnownFileType</key>
			<string>sourcecode.c.h</string>
			<key>path</key>
			<string>WKBlurView.h</string>
			<key>sourceTree</key>
			<string>&lt;group&gt;</string>
		</dict>
		<key>671252501D5B126B0039A077</key>
		<dict>
			<key>fileEncoding</key>
			<string>4</string>
			<key>isa</key>
			<string>PBXFileReference</string>
			<key>lastKnownFileType</key>
			<string>sourcecode.c.objc</string>
			<key>path</key>
			<string>WKBlurView.m</string>
			<key>sourceTree</key>
			<string>&lt;group&gt;</string>
		</dict>
		<key>671252511D5B126B0039A077</key>
		<dict>
			<key>fileRef</key>
			<string>671252501D5B126B0039A077</string>
			<key>isa</key>
			<string>PBXBuildFile</string>
		</dict>
		<key>671252521D5B16CC0039A077</key>
		<dict>
			<key>children</key>
			<array>
				<string>671252561D5B17200039A077</string>
				<string>671252591D5B17200039A077</string>
				<string>6712525A1D5B17200039A077</string>
				<string>6712525B1D5B17200039A077</string>
			</array>
			<key>isa</key>
			<string>PBXGroup</string>
			<key>path</key>
			<string>MainPlayer</string>
			<key>sourceTree</key>
			<string>&lt;group&gt;</string>
		</dict>
		<key>671252561D5B17200039A077</key>
		<dict>
			<key>children</key>
			<array>
				<string>671252571D5B17200039A077</string>
				<string>671252581D5B17200039A077</string>
			</array>
			<key>isa</key>
			<string>PBXGroup</string>
			<key>path</key>
			<string>Controllers</string>
			<key>sourceTree</key>
			<string>&lt;group&gt;</string>
		</dict>
		<key>671252571D5B17200039A077</key>
		<dict>
			<key>fileEncoding</key>
			<string>4</string>
			<key>isa</key>
			<string>PBXFileReference</string>
			<key>lastKnownFileType</key>
			<string>sourcecode.c.h</string>
			<key>path</key>
			<string>WKMainPlayerViewController.h</string>
			<key>sourceTree</key>
			<string>&lt;group&gt;</string>
		</dict>
		<key>671252581D5B17200039A077</key>
		<dict>
			<key>fileEncoding</key>
			<string>4</string>
			<key>isa</key>
			<string>PBXFileReference</string>
			<key>lastKnownFileType</key>
			<string>sourcecode.c.objc</string>
			<key>path</key>
			<string>WKMainPlayerViewController.m</string>
			<key>sourceTree</key>
			<string>&lt;group&gt;</string>
		</dict>
		<key>671252591D5B17200039A077</key>
		<dict>
			<key>children</key>
			<array/>
			<key>isa</key>
			<string>PBXGroup</string>
			<key>path</key>
			<string>Items</string>
			<key>sourceTree</key>
			<string>&lt;group&gt;</string>
		</dict>
		<key>6712525A1D5B17200039A077</key>
		<dict>
			<key>children</key>
			<array/>
			<key>isa</key>
			<string>PBXGroup</string>
			<key>path</key>
			<string>Models</string>
			<key>sourceTree</key>
			<string>&lt;group&gt;</string>
		</dict>
		<key>6712525B1D5B17200039A077</key>
		<dict>
			<key>children</key>
			<array>
				<string>6712525D1D5B17490039A077</string>
				<string>6712525E1D5B17490039A077</string>
				<string>671252621D5B60020039A077</string>
				<string>671252631D5B60020039A077</string>
				<string>6759CBCE1D5D6DD400521328</string>
				<string>6759CBCF1D5D6DD400521328</string>
				<string>6759CBD11D5D816300521328</string>
				<string>6759CBD21D5D816300521328</string>
			</array>
			<key>isa</key>
			<string>PBXGroup</string>
			<key>path</key>
			<string>Views</string>
			<key>sourceTree</key>
			<string>&lt;group&gt;</string>
		</dict>
		<key>6712525C1D5B17200039A077</key>
		<dict>
			<key>fileRef</key>
			<string>671252581D5B17200039A077</string>
			<key>isa</key>
			<string>PBXBuildFile</string>
		</dict>
		<key>6712525D1D5B17490039A077</key>
		<dict>
			<key>fileEncoding</key>
			<string>4</string>
			<key>isa</key>
			<string>PBXFileReference</string>
			<key>lastKnownFileType</key>
			<string>sourcecode.c.h</string>
			<key>path</key>
			<string>WKMainPlayerNavBar.h</string>
			<key>sourceTree</key>
			<string>&lt;group&gt;</string>
		</dict>
		<key>6712525E1D5B17490039A077</key>
		<dict>
			<key>fileEncoding</key>
			<string>4</string>
			<key>isa</key>
			<string>PBXFileReference</string>
			<key>lastKnownFileType</key>
			<string>sourcecode.c.objc</string>
			<key>path</key>
			<string>WKMainPlayerNavBar.m</string>
			<key>sourceTree</key>
			<string>&lt;group&gt;</string>
		</dict>
		<key>6712525F1D5B17490039A077</key>
		<dict>
			<key>fileRef</key>
			<string>6712525E1D5B17490039A077</string>
			<key>isa</key>
			<string>PBXBuildFile</string>
		</dict>
		<key>671252601D5B1DC80039A077</key>
		<dict>
			<key>isa</key>
			<string>PBXFileReference</string>
			<key>lastKnownFileType</key>
			<string>folder.assetcatalog</string>
			<key>path</key>
			<string>Assets.xcassets</string>
			<key>sourceTree</key>
			<string>&lt;group&gt;</string>
		</dict>
		<key>671252611D5B1DC80039A077</key>
		<dict>
			<key>fileRef</key>
			<string>671252601D5B1DC80039A077</string>
			<key>isa</key>
			<string>PBXBuildFile</string>
		</dict>
		<key>671252621D5B60020039A077</key>
		<dict>
			<key>fileEncoding</key>
			<string>4</string>
			<key>isa</key>
			<string>PBXFileReference</string>
			<key>lastKnownFileType</key>
			<string>sourcecode.c.h</string>
			<key>path</key>
			<string>WKMainPlayerInfoView.h</string>
			<key>sourceTree</key>
			<string>&lt;group&gt;</string>
		</dict>
		<key>671252631D5B60020039A077</key>
		<dict>
			<key>fileEncoding</key>
			<string>4</string>
			<key>isa</key>
			<string>PBXFileReference</string>
			<key>lastKnownFileType</key>
			<string>sourcecode.c.objc</string>
			<key>path</key>
			<string>WKMainPlayerInfoView.m</string>
			<key>sourceTree</key>
			<string>&lt;group&gt;</string>
		</dict>
		<key>671252641D5B60020039A077</key>
		<dict>
			<key>fileRef</key>
			<string>671252631D5B60020039A077</string>
			<key>isa</key>
			<string>PBXBuildFile</string>
		</dict>
		<key>671895611D54C25E007E3720</key>
		<dict>
			<key>children</key>
			<array>
				<string>6718956C1D54C25E007E3720</string>
				<string>671895861D54C25E007E3720</string>
				<string>671895911D54C25E007E3720</string>
				<string>6718956B1D54C25E007E3720</string>
				<string>409BA12EF99445AF37BBC012</string>
				<string>C001D2D1CAFB11A44BEDC255</string>
			</array>
			<key>isa</key>
			<string>PBXGroup</string>
			<key>sourceTree</key>
			<string>&lt;group&gt;</string>
		</dict>
		<key>671895621D54C25E007E3720</key>
		<dict>
			<key>attributes</key>
			<dict>
				<key>LastUpgradeCheck</key>
				<string>0730</string>
				<key>ORGANIZATIONNAME</key>
				<string>wukong</string>
				<key>TargetAttributes</key>
				<dict>
					<key>671895691D54C25E007E3720</key>
					<dict>
						<key>CreatedOnToolsVersion</key>
						<string>7.3.1</string>
					</dict>
					<key>671895821D54C25E007E3720</key>
					<dict>
						<key>CreatedOnToolsVersion</key>
						<string>7.3.1</string>
						<key>TestTargetID</key>
						<string>671895691D54C25E007E3720</string>
					</dict>
					<key>6718958D1D54C25E007E3720</key>
					<dict>
						<key>CreatedOnToolsVersion</key>
						<string>7.3.1</string>
						<key>TestTargetID</key>
						<string>671895691D54C25E007E3720</string>
					</dict>
				</dict>
			</dict>
			<key>buildConfigurationList</key>
			<string>671895651D54C25E007E3720</string>
			<key>compatibilityVersion</key>
			<string>Xcode 3.2</string>
			<key>developmentRegion</key>
			<string>English</string>
			<key>hasScannedForEncodings</key>
			<string>0</string>
			<key>isa</key>
			<string>PBXProject</string>
			<key>knownRegions</key>
			<array>
				<string>en</string>
				<string>Base</string>
			</array>
			<key>mainGroup</key>
			<string>671895611D54C25E007E3720</string>
			<key>productRefGroup</key>
			<string>6718956B1D54C25E007E3720</string>
			<key>projectDirPath</key>
			<string></string>
			<key>projectReferences</key>
			<array/>
			<key>projectRoot</key>
			<string></string>
			<key>targets</key>
			<array>
				<string>671895691D54C25E007E3720</string>
				<string>671895821D54C25E007E3720</string>
				<string>6718958D1D54C25E007E3720</string>
			</array>
		</dict>
		<key>671895651D54C25E007E3720</key>
		<dict>
			<key>buildConfigurations</key>
			<array>
				<string>671895951D54C25E007E3720</string>
				<string>671895961D54C25E007E3720</string>
			</array>
			<key>defaultConfigurationIsVisible</key>
			<string>0</string>
			<key>defaultConfigurationName</key>
			<string>Release</string>
			<key>isa</key>
			<string>XCConfigurationList</string>
		</dict>
		<key>671895661D54C25E007E3720</key>
		<dict>
			<key>buildActionMask</key>
			<string>2147483647</string>
			<key>files</key>
			<array>
				<string>671252641D5B60020039A077</string>
				<string>67084B201D59F8FA00E03E9C</string>
				<string>6759CBD31D5D816300521328</string>
				<string>677981F91D55FE6A00FCAADB</string>
				<string>6759CBD01D5D6DD400521328</string>
				<string>6712525F1D5B17490039A077</string>
				<string>6712525C1D5B17200039A077</string>
				<string>6759CBE51D5DA7E400521328</string>
				<string>671895721D54C25E007E3720</string>
				<string>6718956F1D54C25E007E3720</string>
				<string>67084B241D59F93A00E03E9C</string>
				<string>6786477C1D54C6A400451958</string>
				<string>678647781D54C66A00451958</string>
				<string>67084B271D59F94A00E03E9C</string>
				<string>671252511D5B126B0039A077</string>
			</array>
			<key>isa</key>
			<string>PBXSourcesBuildPhase</string>
			<key>runOnlyForDeploymentPostprocessing</key>
			<string>0</string>
		</dict>
		<key>671895671D54C25E007E3720</key>
		<dict>
			<key>buildActionMask</key>
			<string>2147483647</string>
			<key>files</key>
			<array>
				<string>DF896CBF0806802F2FADC35E</string>
			</array>
			<key>isa</key>
			<string>PBXFrameworksBuildPhase</string>
			<key>runOnlyForDeploymentPostprocessing</key>
			<string>0</string>
		</dict>
		<key>671895681D54C25E007E3720</key>
		<dict>
			<key>buildActionMask</key>
			<string>2147483647</string>
			<key>files</key>
			<array>
				<string>6759CBEC1D5DA93F00521328</string>
				<string>6759CBED1D5DA93F00521328</string>
				<string>671252611D5B1DC80039A077</string>
				<string>6759CBEB1D5DA93F00521328</string>
				<string>6718957D1D54C25E007E3720</string>
			</array>
			<key>isa</key>
			<string>PBXResourcesBuildPhase</string>
			<key>runOnlyForDeploymentPostprocessing</key>
			<string>0</string>
		</dict>
		<key>671895691D54C25E007E3720</key>
		<dict>
			<key>buildConfigurationList</key>
			<string>671895971D54C25E007E3720</string>
			<key>buildPhases</key>
			<array>
				<string>87AD3AED65873AAB5DFB043C</string>
				<string>671895661D54C25E007E3720</string>
				<string>671895671D54C25E007E3720</string>
				<string>671895681D54C25E007E3720</string>
				<string>83B8B6A6EC7B4C6815D6B6A5</string>
				<string>0184F03737B9F076A69EC57E</string>
				<string>11EAB04C779D38DCAA108BCB</string>
			</array>
			<key>buildRules</key>
			<array/>
			<key>dependencies</key>
			<array/>
			<key>isa</key>
			<string>PBXNativeTarget</string>
			<key>name</key>
			<string>WKMusic</string>
			<key>productName</key>
			<string>WKMusic</string>
			<key>productReference</key>
			<string>6718956A1D54C25E007E3720</string>
			<key>productType</key>
			<string>com.apple.product-type.application</string>
		</dict>
		<key>6718956A1D54C25E007E3720</key>
		<dict>
			<key>explicitFileType</key>
			<string>wrapper.application</string>
			<key>includeInIndex</key>
			<string>0</string>
			<key>isa</key>
			<string>PBXFileReference</string>
			<key>path</key>
			<string>WKMusic.app</string>
			<key>sourceTree</key>
			<string>BUILT_PRODUCTS_DIR</string>
		</dict>
		<key>6718956B1D54C25E007E3720</key>
		<dict>
			<key>children</key>
			<array>
				<string>6718956A1D54C25E007E3720</string>
				<string>671895831D54C25E007E3720</string>
				<string>6718958E1D54C25E007E3720</string>
			</array>
			<key>isa</key>
			<string>PBXGroup</string>
			<key>name</key>
			<string>Products</string>
			<key>sourceTree</key>
			<string>&lt;group&gt;</string>
		</dict>
		<key>6718956C1D54C25E007E3720</key>
		<dict>
			<key>children</key>
			<array>
				<string>671895A01D54C56B007E3720</string>
				<string>671895701D54C25E007E3720</string>
				<string>671895711D54C25E007E3720</string>
				<string>6718957B1D54C25E007E3720</string>
				<string>6718957E1D54C25E007E3720</string>
				<string>6759CBE61D5DA93F00521328</string>
				<string>6718956D1D54C25E007E3720</string>
				<string>671252601D5B1DC80039A077</string>
			</array>
			<key>isa</key>
			<string>PBXGroup</string>
			<key>path</key>
			<string>WKMusic</string>
			<key>sourceTree</key>
			<string>&lt;group&gt;</string>
		</dict>
		<key>6718956D1D54C25E007E3720</key>
		<dict>
			<key>children</key>
			<array>
				<string>677981AE1D55BF1600FCAADB</string>
				<string>6718956E1D54C25E007E3720</string>
			</array>
			<key>isa</key>
			<string>PBXGroup</string>
			<key>name</key>
			<string>Supporting Files</string>
			<key>sourceTree</key>
			<string>&lt;group&gt;</string>
		</dict>
		<key>6718956E1D54C25E007E3720</key>
		<dict>
			<key>isa</key>
			<string>PBXFileReference</string>
			<key>lastKnownFileType</key>
			<string>sourcecode.c.objc</string>
			<key>path</key>
			<string>main.m</string>
			<key>sourceTree</key>
			<string>&lt;group&gt;</string>
		</dict>
		<key>6718956F1D54C25E007E3720</key>
		<dict>
			<key>fileRef</key>
			<string>6718956E1D54C25E007E3720</string>
			<key>isa</key>
			<string>PBXBuildFile</string>
		</dict>
		<key>671895701D54C25E007E3720</key>
		<dict>
			<key>isa</key>
			<string>PBXFileReference</string>
			<key>lastKnownFileType</key>
			<string>sourcecode.c.h</string>
			<key>path</key>
			<string>AppDelegate.h</string>
			<key>sourceTree</key>
			<string>&lt;group&gt;</string>
		</dict>
		<key>671895711D54C25E007E3720</key>
		<dict>
			<key>isa</key>
			<string>PBXFileReference</string>
			<key>lastKnownFileType</key>
			<string>sourcecode.c.objc</string>
			<key>path</key>
			<string>AppDelegate.m</string>
			<key>sourceTree</key>
			<string>&lt;group&gt;</string>
		</dict>
		<key>671895721D54C25E007E3720</key>
		<dict>
			<key>fileRef</key>
			<string>671895711D54C25E007E3720</string>
			<key>isa</key>
			<string>PBXBuildFile</string>
		</dict>
		<key>6718957B1D54C25E007E3720</key>
		<dict>
			<key>children</key>
			<array>
				<string>6718957C1D54C25E007E3720</string>
			</array>
			<key>isa</key>
			<string>PBXVariantGroup</string>
			<key>name</key>
			<string>LaunchScreen.storyboard</string>
			<key>sourceTree</key>
			<string>&lt;group&gt;</string>
		</dict>
		<key>6718957C1D54C25E007E3720</key>
		<dict>
			<key>isa</key>
			<string>PBXFileReference</string>
			<key>lastKnownFileType</key>
			<string>file.storyboard</string>
			<key>name</key>
			<string>Base</string>
			<key>path</key>
			<string>Base.lproj/LaunchScreen.storyboard</string>
			<key>sourceTree</key>
			<string>&lt;group&gt;</string>
		</dict>
		<key>6718957D1D54C25E007E3720</key>
		<dict>
			<key>fileRef</key>
			<string>6718957B1D54C25E007E3720</string>
			<key>isa</key>
			<string>PBXBuildFile</string>
		</dict>
		<key>6718957E1D54C25E007E3720</key>
		<dict>
			<key>isa</key>
			<string>PBXFileReference</string>
			<key>lastKnownFileType</key>
			<string>text.plist.xml</string>
			<key>path</key>
			<string>Info.plist</string>
			<key>sourceTree</key>
			<string>&lt;group&gt;</string>
		</dict>
		<key>6718957F1D54C25E007E3720</key>
		<dict>
			<key>buildActionMask</key>
			<string>2147483647</string>
			<key>files</key>
			<array>
				<string>671895881D54C25E007E3720</string>
			</array>
			<key>isa</key>
			<string>PBXSourcesBuildPhase</string>
			<key>runOnlyForDeploymentPostprocessing</key>
			<string>0</string>
		</dict>
		<key>671895801D54C25E007E3720</key>
		<dict>
			<key>buildActionMask</key>
			<string>2147483647</string>
			<key>files</key>
			<array/>
			<key>isa</key>
			<string>PBXFrameworksBuildPhase</string>
			<key>runOnlyForDeploymentPostprocessing</key>
			<string>0</string>
		</dict>
		<key>671895811D54C25E007E3720</key>
		<dict>
			<key>buildActionMask</key>
			<string>2147483647</string>
			<key>files</key>
			<array/>
			<key>isa</key>
			<string>PBXResourcesBuildPhase</string>
			<key>runOnlyForDeploymentPostprocessing</key>
			<string>0</string>
		</dict>
		<key>671895821D54C25E007E3720</key>
		<dict>
			<key>buildConfigurationList</key>
			<string>6718959A1D54C25E007E3720</string>
			<key>buildPhases</key>
			<array>
				<string>6718957F1D54C25E007E3720</string>
				<string>671895801D54C25E007E3720</string>
				<string>671895811D54C25E007E3720</string>
			</array>
			<key>buildRules</key>
			<array/>
			<key>dependencies</key>
			<array>
				<string>671895851D54C25E007E3720</string>
			</array>
			<key>isa</key>
			<string>PBXNativeTarget</string>
			<key>name</key>
			<string>WKMusicTests</string>
			<key>productName</key>
			<string>WKMusicTests</string>
			<key>productReference</key>
			<string>671895831D54C25E007E3720</string>
			<key>productType</key>
			<string>com.apple.product-type.bundle.unit-test</string>
		</dict>
		<key>671895831D54C25E007E3720</key>
		<dict>
			<key>explicitFileType</key>
			<string>wrapper.cfbundle</string>
			<key>includeInIndex</key>
			<string>0</string>
			<key>isa</key>
			<string>PBXFileReference</string>
			<key>path</key>
			<string>WKMusicTests.xctest</string>
			<key>sourceTree</key>
			<string>BUILT_PRODUCTS_DIR</string>
		</dict>
		<key>671895841D54C25E007E3720</key>
		<dict>
			<key>containerPortal</key>
			<string>671895621D54C25E007E3720</string>
			<key>isa</key>
			<string>PBXContainerItemProxy</string>
			<key>proxyType</key>
			<string>1</string>
			<key>remoteGlobalIDString</key>
			<string>671895691D54C25E007E3720</string>
			<key>remoteInfo</key>
			<string>WKMusic</string>
		</dict>
		<key>671895851D54C25E007E3720</key>
		<dict>
			<key>isa</key>
			<string>PBXTargetDependency</string>
			<key>target</key>
			<string>671895691D54C25E007E3720</string>
			<key>targetProxy</key>
			<string>671895841D54C25E007E3720</string>
		</dict>
		<key>671895861D54C25E007E3720</key>
		<dict>
			<key>children</key>
			<array>
				<string>671895871D54C25E007E3720</string>
				<string>671895891D54C25E007E3720</string>
			</array>
			<key>isa</key>
			<string>PBXGroup</string>
			<key>path</key>
			<string>WKMusicTests</string>
			<key>sourceTree</key>
			<string>&lt;group&gt;</string>
		</dict>
		<key>671895871D54C25E007E3720</key>
		<dict>
			<key>isa</key>
			<string>PBXFileReference</string>
			<key>lastKnownFileType</key>
			<string>sourcecode.c.objc</string>
			<key>path</key>
			<string>WKMusicTests.m</string>
			<key>sourceTree</key>
			<string>&lt;group&gt;</string>
		</dict>
		<key>671895881D54C25E007E3720</key>
		<dict>
			<key>fileRef</key>
			<string>671895871D54C25E007E3720</string>
			<key>isa</key>
			<string>PBXBuildFile</string>
		</dict>
		<key>671895891D54C25E007E3720</key>
		<dict>
			<key>isa</key>
			<string>PBXFileReference</string>
			<key>lastKnownFileType</key>
			<string>text.plist.xml</string>
			<key>path</key>
			<string>Info.plist</string>
			<key>sourceTree</key>
			<string>&lt;group&gt;</string>
		</dict>
		<key>6718958A1D54C25E007E3720</key>
		<dict>
			<key>buildActionMask</key>
			<string>2147483647</string>
			<key>files</key>
			<array>
				<string>671895931D54C25E007E3720</string>
			</array>
			<key>isa</key>
			<string>PBXSourcesBuildPhase</string>
			<key>runOnlyForDeploymentPostprocessing</key>
			<string>0</string>
		</dict>
		<key>6718958B1D54C25E007E3720</key>
		<dict>
			<key>buildActionMask</key>
			<string>2147483647</string>
			<key>files</key>
			<array/>
			<key>isa</key>
			<string>PBXFrameworksBuildPhase</string>
			<key>runOnlyForDeploymentPostprocessing</key>
			<string>0</string>
		</dict>
		<key>6718958C1D54C25E007E3720</key>
		<dict>
			<key>buildActionMask</key>
			<string>2147483647</string>
			<key>files</key>
			<array/>
			<key>isa</key>
			<string>PBXResourcesBuildPhase</string>
			<key>runOnlyForDeploymentPostprocessing</key>
			<string>0</string>
		</dict>
		<key>6718958D1D54C25E007E3720</key>
		<dict>
			<key>buildConfigurationList</key>
			<string>6718959D1D54C25E007E3720</string>
			<key>buildPhases</key>
			<array>
				<string>6718958A1D54C25E007E3720</string>
				<string>6718958B1D54C25E007E3720</string>
				<string>6718958C1D54C25E007E3720</string>
			</array>
			<key>buildRules</key>
			<array/>
			<key>dependencies</key>
			<array>
				<string>671895901D54C25E007E3720</string>
			</array>
			<key>isa</key>
			<string>PBXNativeTarget</string>
			<key>name</key>
			<string>WKMusicUITests</string>
			<key>productName</key>
			<string>WKMusicUITests</string>
			<key>productReference</key>
			<string>6718958E1D54C25E007E3720</string>
			<key>productType</key>
			<string>com.apple.product-type.bundle.ui-testing</string>
		</dict>
		<key>6718958E1D54C25E007E3720</key>
		<dict>
			<key>explicitFileType</key>
			<string>wrapper.cfbundle</string>
			<key>includeInIndex</key>
			<string>0</string>
			<key>isa</key>
			<string>PBXFileReference</string>
			<key>path</key>
			<string>WKMusicUITests.xctest</string>
			<key>sourceTree</key>
			<string>BUILT_PRODUCTS_DIR</string>
		</dict>
		<key>6718958F1D54C25E007E3720</key>
		<dict>
			<key>containerPortal</key>
			<string>671895621D54C25E007E3720</string>
			<key>isa</key>
			<string>PBXContainerItemProxy</string>
			<key>proxyType</key>
			<string>1</string>
			<key>remoteGlobalIDString</key>
			<string>671895691D54C25E007E3720</string>
			<key>remoteInfo</key>
			<string>WKMusic</string>
		</dict>
		<key>671895901D54C25E007E3720</key>
		<dict>
			<key>isa</key>
			<string>PBXTargetDependency</string>
			<key>target</key>
			<string>671895691D54C25E007E3720</string>
			<key>targetProxy</key>
			<string>6718958F1D54C25E007E3720</string>
		</dict>
		<key>671895911D54C25E007E3720</key>
		<dict>
			<key>children</key>
			<array>
				<string>671895921D54C25E007E3720</string>
				<string>671895941D54C25E007E3720</string>
			</array>
			<key>isa</key>
			<string>PBXGroup</string>
			<key>path</key>
			<string>WKMusicUITests</string>
			<key>sourceTree</key>
			<string>&lt;group&gt;</string>
		</dict>
		<key>671895921D54C25E007E3720</key>
		<dict>
			<key>isa</key>
			<string>PBXFileReference</string>
			<key>lastKnownFileType</key>
			<string>sourcecode.c.objc</string>
			<key>path</key>
			<string>WKMusicUITests.m</string>
			<key>sourceTree</key>
			<string>&lt;group&gt;</string>
		</dict>
		<key>671895931D54C25E007E3720</key>
		<dict>
			<key>fileRef</key>
			<string>671895921D54C25E007E3720</string>
			<key>isa</key>
			<string>PBXBuildFile</string>
		</dict>
		<key>671895941D54C25E007E3720</key>
		<dict>
			<key>isa</key>
			<string>PBXFileReference</string>
			<key>lastKnownFileType</key>
			<string>text.plist.xml</string>
			<key>path</key>
			<string>Info.plist</string>
			<key>sourceTree</key>
			<string>&lt;group&gt;</string>
		</dict>
		<key>671895951D54C25E007E3720</key>
		<dict>
			<key>buildSettings</key>
			<dict>
				<key>ALWAYS_SEARCH_USER_PATHS</key>
				<string>NO</string>
				<key>CLANG_ANALYZER_NONNULL</key>
				<string>YES</string>
				<key>CLANG_CXX_LANGUAGE_STANDARD</key>
				<string>gnu++0x</string>
				<key>CLANG_CXX_LIBRARY</key>
				<string>libc++</string>
				<key>CLANG_ENABLE_MODULES</key>
				<string>YES</string>
				<key>CLANG_ENABLE_OBJC_ARC</key>
				<string>YES</string>
				<key>CLANG_WARN_BOOL_CONVERSION</key>
				<string>YES</string>
				<key>CLANG_WARN_CONSTANT_CONVERSION</key>
				<string>YES</string>
				<key>CLANG_WARN_DIRECT_OBJC_ISA_USAGE</key>
				<string>YES_ERROR</string>
				<key>CLANG_WARN_EMPTY_BODY</key>
				<string>YES</string>
				<key>CLANG_WARN_ENUM_CONVERSION</key>
				<string>YES</string>
				<key>CLANG_WARN_INT_CONVERSION</key>
				<string>YES</string>
				<key>CLANG_WARN_OBJC_ROOT_CLASS</key>
				<string>YES_ERROR</string>
				<key>CLANG_WARN_UNREACHABLE_CODE</key>
				<string>YES</string>
				<key>CLANG_WARN__DUPLICATE_METHOD_MATCH</key>
				<string>YES</string>
				<key>CODE_SIGN_IDENTITY[sdk=iphoneos*]</key>
				<string>iPhone Developer</string>
				<key>COPY_PHASE_STRIP</key>
				<string>NO</string>
				<key>DEBUG_INFORMATION_FORMAT</key>
				<string>dwarf</string>
				<key>ENABLE_STRICT_OBJC_MSGSEND</key>
				<string>YES</string>
				<key>ENABLE_TESTABILITY</key>
				<string>YES</string>
				<key>GCC_C_LANGUAGE_STANDARD</key>
				<string>gnu99</string>
				<key>GCC_DYNAMIC_NO_PIC</key>
				<string>NO</string>
				<key>GCC_NO_COMMON_BLOCKS</key>
				<string>YES</string>
				<key>GCC_OPTIMIZATION_LEVEL</key>
				<string>0</string>
				<key>GCC_PREPROCESSOR_DEFINITIONS</key>
				<array>
					<string>DEBUG=1</string>
					<string>$(inherited)</string>
				</array>
				<key>GCC_WARN_64_TO_32_BIT_CONVERSION</key>
				<string>YES</string>
				<key>GCC_WARN_ABOUT_RETURN_TYPE</key>
				<string>YES_ERROR</string>
				<key>GCC_WARN_UNDECLARED_SELECTOR</key>
				<string>YES</string>
				<key>GCC_WARN_UNINITIALIZED_AUTOS</key>
				<string>YES_AGGRESSIVE</string>
				<key>GCC_WARN_UNUSED_FUNCTION</key>
				<string>YES</string>
				<key>GCC_WARN_UNUSED_VARIABLE</key>
				<string>YES</string>
				<key>IPHONEOS_DEPLOYMENT_TARGET</key>
				<string>9.3</string>
				<key>MTL_ENABLE_DEBUG_INFO</key>
				<string>YES</string>
				<key>ONLY_ACTIVE_ARCH</key>
				<string>YES</string>
				<key>SDKROOT</key>
				<string>iphoneos</string>
			</dict>
			<key>isa</key>
			<string>XCBuildConfiguration</string>
			<key>name</key>
			<string>Debug</string>
		</dict>
		<key>671895961D54C25E007E3720</key>
		<dict>
			<key>buildSettings</key>
			<dict>
				<key>ALWAYS_SEARCH_USER_PATHS</key>
				<string>NO</string>
				<key>CLANG_ANALYZER_NONNULL</key>
				<string>YES</string>
				<key>CLANG_CXX_LANGUAGE_STANDARD</key>
				<string>gnu++0x</string>
				<key>CLANG_CXX_LIBRARY</key>
				<string>libc++</string>
				<key>CLANG_ENABLE_MODULES</key>
				<string>YES</string>
				<key>CLANG_ENABLE_OBJC_ARC</key>
				<string>YES</string>
				<key>CLANG_WARN_BOOL_CONVERSION</key>
				<string>YES</string>
				<key>CLANG_WARN_CONSTANT_CONVERSION</key>
				<string>YES</string>
				<key>CLANG_WARN_DIRECT_OBJC_ISA_USAGE</key>
				<string>YES_ERROR</string>
				<key>CLANG_WARN_EMPTY_BODY</key>
				<string>YES</string>
				<key>CLANG_WARN_ENUM_CONVERSION</key>
				<string>YES</string>
				<key>CLANG_WARN_INT_CONVERSION</key>
				<string>YES</string>
				<key>CLANG_WARN_OBJC_ROOT_CLASS</key>
				<string>YES_ERROR</string>
				<key>CLANG_WARN_UNREACHABLE_CODE</key>
				<string>YES</string>
				<key>CLANG_WARN__DUPLICATE_METHOD_MATCH</key>
				<string>YES</string>
				<key>CODE_SIGN_IDENTITY[sdk=iphoneos*]</key>
				<string>iPhone Developer</string>
				<key>COPY_PHASE_STRIP</key>
				<string>NO</string>
				<key>DEBUG_INFORMATION_FORMAT</key>
				<string>dwarf-with-dsym</string>
				<key>ENABLE_NS_ASSERTIONS</key>
				<string>NO</string>
				<key>ENABLE_STRICT_OBJC_MSGSEND</key>
				<string>YES</string>
				<key>GCC_C_LANGUAGE_STANDARD</key>
				<string>gnu99</string>
				<key>GCC_NO_COMMON_BLOCKS</key>
				<string>YES</string>
				<key>GCC_WARN_64_TO_32_BIT_CONVERSION</key>
				<string>YES</string>
				<key>GCC_WARN_ABOUT_RETURN_TYPE</key>
				<string>YES_ERROR</string>
				<key>GCC_WARN_UNDECLARED_SELECTOR</key>
				<string>YES</string>
				<key>GCC_WARN_UNINITIALIZED_AUTOS</key>
				<string>YES_AGGRESSIVE</string>
				<key>GCC_WARN_UNUSED_FUNCTION</key>
				<string>YES</string>
				<key>GCC_WARN_UNUSED_VARIABLE</key>
				<string>YES</string>
				<key>IPHONEOS_DEPLOYMENT_TARGET</key>
				<string>9.3</string>
				<key>MTL_ENABLE_DEBUG_INFO</key>
				<string>NO</string>
				<key>SDKROOT</key>
				<string>iphoneos</string>
				<key>VALIDATE_PRODUCT</key>
				<string>YES</string>
			</dict>
			<key>isa</key>
			<string>XCBuildConfiguration</string>
			<key>name</key>
			<string>Release</string>
		</dict>
		<key>671895971D54C25E007E3720</key>
		<dict>
			<key>buildConfigurations</key>
			<array>
				<string>671895981D54C25E007E3720</string>
				<string>671895991D54C25E007E3720</string>
			</array>
			<key>defaultConfigurationIsVisible</key>
			<string>0</string>
			<key>defaultConfigurationName</key>
			<string>Release</string>
			<key>isa</key>
			<string>XCConfigurationList</string>
		</dict>
		<key>671895981D54C25E007E3720</key>
		<dict>
			<key>baseConfigurationReference</key>
			<string>D8FEFB9EB42A56EF29854C14</string>
			<key>buildSettings</key>
			<dict>
				<key>ASSETCATALOG_COMPILER_APPICON_NAME</key>
				<string>AppIcon</string>
				<key>GCC_PREFIX_HEADER</key>
				<string>WKMusic/WKMusic-Prefix.pch</string>
				<key>INFOPLIST_FILE</key>
				<string>WKMusic/Info.plist</string>
				<key>LD_RUNPATH_SEARCH_PATHS</key>
				<string>$(inherited) @executable_path/Frameworks</string>
				<key>PRODUCT_BUNDLE_IDENTIFIER</key>
				<string>wukong.WKMusic</string>
				<key>PRODUCT_NAME</key>
				<string>$(TARGET_NAME)</string>
			</dict>
			<key>isa</key>
			<string>XCBuildConfiguration</string>
			<key>name</key>
			<string>Debug</string>
		</dict>
		<key>671895991D54C25E007E3720</key>
		<dict>
			<key>baseConfigurationReference</key>
			<string>A0DEAFFE665C84E7D126C6CB</string>
			<key>buildSettings</key>
			<dict>
				<key>ASSETCATALOG_COMPILER_APPICON_NAME</key>
				<string>AppIcon</string>
				<key>GCC_PREFIX_HEADER</key>
				<string>WKMusic/WKMusic-Prefix.pch</string>
				<key>INFOPLIST_FILE</key>
				<string>WKMusic/Info.plist</string>
				<key>LD_RUNPATH_SEARCH_PATHS</key>
				<string>$(inherited) @executable_path/Frameworks</string>
				<key>PRODUCT_BUNDLE_IDENTIFIER</key>
				<string>wukong.WKMusic</string>
				<key>PRODUCT_NAME</key>
				<string>$(TARGET_NAME)</string>
			</dict>
			<key>isa</key>
			<string>XCBuildConfiguration</string>
			<key>name</key>
			<string>Release</string>
		</dict>
		<key>6718959A1D54C25E007E3720</key>
		<dict>
			<key>buildConfigurations</key>
			<array>
				<string>6718959B1D54C25E007E3720</string>
				<string>6718959C1D54C25E007E3720</string>
			</array>
			<key>defaultConfigurationIsVisible</key>
			<string>0</string>
			<key>defaultConfigurationName</key>
			<string>Release</string>
			<key>isa</key>
			<string>XCConfigurationList</string>
		</dict>
		<key>6718959B1D54C25E007E3720</key>
		<dict>
			<key>buildSettings</key>
			<dict>
				<key>BUNDLE_LOADER</key>
				<string>$(TEST_HOST)</string>
				<key>INFOPLIST_FILE</key>
				<string>WKMusicTests/Info.plist</string>
				<key>LD_RUNPATH_SEARCH_PATHS</key>
				<string>$(inherited) @executable_path/Frameworks @loader_path/Frameworks</string>
				<key>PRODUCT_BUNDLE_IDENTIFIER</key>
				<string>wukong.WKMusicTests</string>
				<key>PRODUCT_NAME</key>
				<string>$(TARGET_NAME)</string>
				<key>TEST_HOST</key>
				<string>$(BUILT_PRODUCTS_DIR)/WKMusic.app/WKMusic</string>
			</dict>
			<key>isa</key>
			<string>XCBuildConfiguration</string>
			<key>name</key>
			<string>Debug</string>
		</dict>
		<key>6718959C1D54C25E007E3720</key>
		<dict>
			<key>buildSettings</key>
			<dict>
				<key>BUNDLE_LOADER</key>
				<string>$(TEST_HOST)</string>
				<key>INFOPLIST_FILE</key>
				<string>WKMusicTests/Info.plist</string>
				<key>LD_RUNPATH_SEARCH_PATHS</key>
				<string>$(inherited) @executable_path/Frameworks @loader_path/Frameworks</string>
				<key>PRODUCT_BUNDLE_IDENTIFIER</key>
				<string>wukong.WKMusicTests</string>
				<key>PRODUCT_NAME</key>
				<string>$(TARGET_NAME)</string>
				<key>TEST_HOST</key>
				<string>$(BUILT_PRODUCTS_DIR)/WKMusic.app/WKMusic</string>
			</dict>
			<key>isa</key>
			<string>XCBuildConfiguration</string>
			<key>name</key>
			<string>Release</string>
		</dict>
		<key>6718959D1D54C25E007E3720</key>
		<dict>
			<key>buildConfigurations</key>
			<array>
				<string>6718959E1D54C25E007E3720</string>
				<string>6718959F1D54C25E007E3720</string>
			</array>
			<key>defaultConfigurationIsVisible</key>
			<string>0</string>
			<key>defaultConfigurationName</key>
			<string>Release</string>
			<key>isa</key>
			<string>XCConfigurationList</string>
		</dict>
		<key>6718959E1D54C25E007E3720</key>
		<dict>
			<key>buildSettings</key>
			<dict>
				<key>INFOPLIST_FILE</key>
				<string>WKMusicUITests/Info.plist</string>
				<key>LD_RUNPATH_SEARCH_PATHS</key>
				<string>$(inherited) @executable_path/Frameworks @loader_path/Frameworks</string>
				<key>PRODUCT_BUNDLE_IDENTIFIER</key>
				<string>wukong.WKMusicUITests</string>
				<key>PRODUCT_NAME</key>
				<string>$(TARGET_NAME)</string>
				<key>TEST_TARGET_NAME</key>
				<string>WKMusic</string>
			</dict>
			<key>isa</key>
			<string>XCBuildConfiguration</string>
			<key>name</key>
			<string>Debug</string>
		</dict>
		<key>6718959F1D54C25E007E3720</key>
		<dict>
			<key>buildSettings</key>
			<dict>
				<key>INFOPLIST_FILE</key>
				<string>WKMusicUITests/Info.plist</string>
				<key>LD_RUNPATH_SEARCH_PATHS</key>
				<string>$(inherited) @executable_path/Frameworks @loader_path/Frameworks</string>
				<key>PRODUCT_BUNDLE_IDENTIFIER</key>
				<string>wukong.WKMusicUITests</string>
				<key>PRODUCT_NAME</key>
				<string>$(TARGET_NAME)</string>
				<key>TEST_TARGET_NAME</key>
				<string>WKMusic</string>
			</dict>
			<key>isa</key>
			<string>XCBuildConfiguration</string>
			<key>name</key>
			<string>Release</string>
		</dict>
		<key>671895A01D54C56B007E3720</key>
		<dict>
			<key>children</key>
			<array>
				<string>67084B181D59F8A900E03E9C</string>
				<string>671895A11D54C56B007E3720</string>
				<string>678647791D54C68B00451958</string>
			</array>
			<key>isa</key>
			<string>PBXGroup</string>
			<key>path</key>
			<string>Classes</string>
			<key>sourceTree</key>
			<string>&lt;group&gt;</string>
		</dict>
		<key>671895A11D54C56B007E3720</key>
		<dict>
			<key>children</key>
			<array>
				<string>6712524E1D5B120A0039A077</string>
				<string>67084B211D59F92400E03E9C</string>
				<string>671895A21D54C56B007E3720</string>
				<string>671895A31D54C56B007E3720</string>
				<string>677981AF1D55C19B00FCAADB</string>
			</array>
			<key>isa</key>
			<string>PBXGroup</string>
			<key>path</key>
			<string>Base</string>
			<key>sourceTree</key>
			<string>&lt;group&gt;</string>
		</dict>
		<key>671895A21D54C56B007E3720</key>
		<dict>
			<key>children</key>
			<array>
				<string>678647761D54C66A00451958</string>
				<string>678647771D54C66A00451958</string>
			</array>
			<key>isa</key>
			<string>PBXGroup</string>
			<key>path</key>
			<string>Controllers</string>
			<key>sourceTree</key>
			<string>&lt;group&gt;</string>
		</dict>
		<key>671895A31D54C56B007E3720</key>
		<dict>
			<key>children</key>
			<array>
				<string>677981F71D55FE6A00FCAADB</string>
				<string>677981F81D55FE6A00FCAADB</string>
			</array>
			<key>isa</key>
			<string>PBXGroup</string>
			<key>path</key>
			<string>Utils</string>
			<key>sourceTree</key>
			<string>&lt;group&gt;</string>
		</dict>
		<key>6759CBCE1D5D6DD400521328</key>
		<dict>
			<key>fileEncoding</key>
			<string>4</string>
			<key>isa</key>
			<string>PBXFileReference</string>
			<key>lastKnownFileType</key>
			<string>sourcecode.c.h</string>
			<key>path</key>
			<string>WKMusicSliderBar.h</string>
			<key>sourceTree</key>
			<string>&lt;group&gt;</string>
		</dict>
		<key>6759CBCF1D5D6DD400521328</key>
		<dict>
			<key>fileEncoding</key>
			<string>4</string>
			<key>isa</key>
			<string>PBXFileReference</string>
			<key>lastKnownFileType</key>
			<string>sourcecode.c.objc</string>
			<key>path</key>
			<string>WKMusicSliderBar.m</string>
			<key>sourceTree</key>
			<string>&lt;group&gt;</string>
		</dict>
		<key>6759CBD01D5D6DD400521328</key>
		<dict>
			<key>fileRef</key>
			<string>6759CBCF1D5D6DD400521328</string>
			<key>isa</key>
			<string>PBXBuildFile</string>
		</dict>
		<key>6759CBD11D5D816300521328</key>
		<dict>
			<key>fileEncoding</key>
			<string>4</string>
			<key>isa</key>
			<string>PBXFileReference</string>
			<key>lastKnownFileType</key>
			<string>sourcecode.c.h</string>
			<key>path</key>
			<string>WKMainPlayerControlView.h</string>
			<key>sourceTree</key>
			<string>&lt;group&gt;</string>
		</dict>
		<key>6759CBD21D5D816300521328</key>
		<dict>
			<key>fileEncoding</key>
			<string>4</string>
			<key>isa</key>
			<string>PBXFileReference</string>
			<key>lastKnownFileType</key>
			<string>sourcecode.c.objc</string>
			<key>path</key>
			<string>WKMainPlayerControlView.m</string>
			<key>sourceTree</key>
			<string>&lt;group&gt;</string>
		</dict>
		<key>6759CBD31D5D816300521328</key>
		<dict>
			<key>fileRef</key>
			<string>6759CBD21D5D816300521328</string>
			<key>isa</key>
			<string>PBXBuildFile</string>
		</dict>
		<key>6759CBD81D5DA34100521328</key>
		<dict>
			<key>children</key>
			<array>
				<string>6759CBD91D5DA34100521328</string>
				<string>6759CBDA1D5DA34100521328</string>
				<string>6759CBDB1D5DA34100521328</string>
				<string>6759CBDC1D5DA34100521328</string>
				<string>6759CBDD1D5DA34100521328</string>
				<string>6759CBDE1D5DA34100521328</string>
				<string>6759CBDF1D5DA34100521328</string>
			</array>
			<key>isa</key>
			<string>PBXGroup</string>
			<key>path</key>
			<string>Home</string>
			<key>sourceTree</key>
			<string>&lt;group&gt;</string>
		</dict>
		<key>6759CBD91D5DA34100521328</key>
		<dict>
			<key>children</key>
			<array/>
			<key>isa</key>
			<string>PBXGroup</string>
			<key>path</key>
			<string>Cells</string>
			<key>sourceTree</key>
			<string>&lt;group&gt;</string>
		</dict>
		<key>6759CBDA1D5DA34100521328</key>
		<dict>
			<key>children</key>
			<array>
				<string>6759CBE31D5DA7E400521328</string>
				<string>6759CBE41D5DA7E400521328</string>
			</array>
			<key>isa</key>
			<string>PBXGroup</string>
			<key>path</key>
			<string>Controllers</string>
			<key>sourceTree</key>
			<string>&lt;group&gt;</string>
		</dict>
		<key>6759CBDB1D5DA34100521328</key>
		<dict>
			<key>children</key>
			<array/>
			<key>isa</key>
			<string>PBXGroup</string>
			<key>path</key>
			<string>DataSources</string>
			<key>sourceTree</key>
			<string>&lt;group&gt;</string>
		</dict>
		<key>6759CBDC1D5DA34100521328</key>
		<dict>
			<key>children</key>
			<array/>
			<key>isa</key>
			<string>PBXGroup</string>
			<key>path</key>
			<string>Delegates</string>
			<key>sourceTree</key>
			<string>&lt;group&gt;</string>
		</dict>
		<key>6759CBDD1D5DA34100521328</key>
		<dict>
			<key>children</key>
			<array/>
			<key>isa</key>
			<string>PBXGroup</string>
			<key>path</key>
			<string>Items</string>
			<key>sourceTree</key>
			<string>&lt;group&gt;</string>
		</dict>
		<key>6759CBDE1D5DA34100521328</key>
		<dict>
			<key>children</key>
			<array/>
			<key>isa</key>
			<string>PBXGroup</string>
			<key>path</key>
			<string>Models</string>
			<key>sourceTree</key>
			<string>&lt;group&gt;</string>
		</dict>
		<key>6759CBDF1D5DA34100521328</key>
		<dict>
			<key>children</key>
			<array/>
			<key>isa</key>
			<string>PBXGroup</string>
			<key>path</key>
			<string>Views</string>
			<key>sourceTree</key>
			<string>&lt;group&gt;</string>
		</dict>
		<key>6759CBE31D5DA7E400521328</key>
		<dict>
			<key>fileEncoding</key>
			<string>4</string>
			<key>isa</key>
			<string>PBXFileReference</string>
			<key>lastKnownFileType</key>
			<string>sourcecode.c.h</string>
			<key>path</key>
			<string>WKMainViewController.h</string>
			<key>sourceTree</key>
			<string>&lt;group&gt;</string>
		</dict>
		<key>6759CBE41D5DA7E400521328</key>
		<dict>
			<key>fileEncoding</key>
			<string>4</string>
			<key>isa</key>
			<string>PBXFileReference</string>
			<key>lastKnownFileType</key>
			<string>sourcecode.c.objc</string>
			<key>path</key>
			<string>WKMainViewController.m</string>
			<key>sourceTree</key>
			<string>&lt;group&gt;</string>
		</dict>
		<key>6759CBE51D5DA7E400521328</key>
		<dict>
			<key>fileRef</key>
			<string>6759CBE41D5DA7E400521328</string>
			<key>isa</key>
			<string>PBXBuildFile</string>
		</dict>
		<key>6759CBE61D5DA93F00521328</key>
		<dict>
			<key>children</key>
			<array>
				<string>6759CBE71D5DA93F00521328</string>
			</array>
			<key>isa</key>
			<string>PBXGroup</string>
			<key>path</key>
			<string>Resources</string>
			<key>sourceTree</key>
			<string>&lt;group&gt;</string>
		</dict>
		<key>6759CBE71D5DA93F00521328</key>
		<dict>
			<key>children</key>
			<array>
				<string>6759CBE81D5DA93F00521328</string>
				<string>6759CBE91D5DA93F00521328</string>
				<string>6759CBEA1D5DA93F00521328</string>
			</array>
			<key>isa</key>
			<string>PBXGroup</string>
			<key>path</key>
			<string>images</string>
			<key>sourceTree</key>
			<string>&lt;group&gt;</string>
		</dict>
		<key>6759CBE81D5DA93F00521328</key>
		<dict>
			<key>isa</key>
			<string>PBXFileReference</string>
			<key>lastKnownFileType</key>
			<string>image.jpeg</string>
			<key>path</key>
			<string>pic0.jpg</string>
			<key>sourceTree</key>
			<string>&lt;group&gt;</string>
		</dict>
		<key>6759CBE91D5DA93F00521328</key>
		<dict>
			<key>isa</key>
			<string>PBXFileReference</string>
			<key>lastKnownFileType</key>
			<string>image.jpeg</string>
			<key>path</key>
			<string>pic1.jpg</string>
			<key>sourceTree</key>
			<string>&lt;group&gt;</string>
		</dict>
		<key>6759CBEA1D5DA93F00521328</key>
		<dict>
			<key>isa</key>
			<string>PBXFileReference</string>
			<key>lastKnownFileType</key>
			<string>image.jpeg</string>
			<key>path</key>
			<string>pic2.jpg</string>
			<key>sourceTree</key>
			<string>&lt;group&gt;</string>
		</dict>
		<key>6759CBEB1D5DA93F00521328</key>
		<dict>
			<key>fileRef</key>
			<string>6759CBE81D5DA93F00521328</string>
			<key>isa</key>
			<string>PBXBuildFile</string>
		</dict>
		<key>6759CBEC1D5DA93F00521328</key>
		<dict>
			<key>fileRef</key>
			<string>6759CBE91D5DA93F00521328</string>
			<key>isa</key>
			<string>PBXBuildFile</string>
		</dict>
		<key>6759CBED1D5DA93F00521328</key>
		<dict>
			<key>fileRef</key>
			<string>6759CBEA1D5DA93F00521328</string>
			<key>isa</key>
			<string>PBXBuildFile</string>
		</dict>
		<key>677981AE1D55BF1600FCAADB</key>
		<dict>
			<key>isa</key>
			<string>PBXFileReference</string>
			<key>lastKnownFileType</key>
			<string>sourcecode.c.h</string>
			<key>name</key>
			<string>WKMusic-Prefix.pch</string>
			<key>path</key>
			<string>WKMusic/WKMusic-Prefix.pch</string>
			<key>sourceTree</key>
			<string>SOURCE_ROOT</string>
		</dict>
		<key>677981AF1D55C19B00FCAADB</key>
		<dict>
			<key>isa</key>
			<string>PBXFileReference</string>
			<key>lastKnownFileType</key>
			<string>sourcecode.c.h</string>
			<key>path</key>
			<string>WKDefinition.h</string>
			<key>sourceTree</key>
			<string>&lt;group&gt;</string>
		</dict>
		<key>677981F71D55FE6A00FCAADB</key>
		<dict>
			<key>fileEncoding</key>
			<string>4</string>
			<key>isa</key>
			<string>PBXFileReference</string>
			<key>lastKnownFileType</key>
			<string>sourcecode.c.h</string>
			<key>path</key>
			<string>WKUtil.h</string>
			<key>sourceTree</key>
			<string>&lt;group&gt;</string>
		</dict>
		<key>677981F81D55FE6A00FCAADB</key>
		<dict>
			<key>fileEncoding</key>
			<string>4</string>
			<key>isa</key>
			<string>PBXFileReference</string>
			<key>lastKnownFileType</key>
			<string>sourcecode.c.objc</string>
			<key>path</key>
			<string>WKUtil.m</string>
			<key>sourceTree</key>
			<string>&lt;group&gt;</string>
		</dict>
		<key>677981F91D55FE6A00FCAADB</key>
		<dict>
			<key>fileRef</key>
			<string>677981F81D55FE6A00FCAADB</string>
			<key>isa</key>
			<string>PBXBuildFile</string>
		</dict>
		<key>678647761D54C66A00451958</key>
		<dict>
			<key>fileEncoding</key>
			<string>4</string>
			<key>isa</key>
			<string>PBXFileReference</string>
			<key>lastKnownFileType</key>
			<string>sourcecode.c.h</string>
			<key>path</key>
			<string>WKBaseViewController.h</string>
			<key>sourceTree</key>
			<string>&lt;group&gt;</string>
		</dict>
		<key>678647771D54C66A00451958</key>
		<dict>
			<key>fileEncoding</key>
			<string>4</string>
			<key>isa</key>
			<string>PBXFileReference</string>
			<key>lastKnownFileType</key>
			<string>sourcecode.c.objc</string>
			<key>path</key>
			<string>WKBaseViewController.m</string>
			<key>sourceTree</key>
			<string>&lt;group&gt;</string>
		</dict>
		<key>678647781D54C66A00451958</key>
		<dict>
			<key>fileRef</key>
			<string>678647771D54C66A00451958</string>
			<key>isa</key>
			<string>PBXBuildFile</string>
		</dict>
		<key>678647791D54C68B00451958</key>
		<dict>
			<key>children</key>
			<array>
				<string>6786477A1D54C6A400451958</string>
				<string>6786477B1D54C6A400451958</string>
			</array>
			<key>isa</key>
			<string>PBXGroup</string>
			<key>path</key>
			<string>Root</string>
			<key>sourceTree</key>
			<string>&lt;group&gt;</string>
		</dict>
		<key>6786477A1D54C6A400451958</key>
		<dict>
			<key>fileEncoding</key>
			<string>4</string>
			<key>isa</key>
			<string>PBXFileReference</string>
			<key>lastKnownFileType</key>
			<string>sourcecode.c.h</string>
			<key>path</key>
			<string>WKRootViewController.h</string>
			<key>sourceTree</key>
			<string>&lt;group&gt;</string>
		</dict>
		<key>6786477B1D54C6A400451958</key>
		<dict>
			<key>fileEncoding</key>
			<string>4</string>
			<key>isa</key>
			<string>PBXFileReference</string>
			<key>lastKnownFileType</key>
			<string>sourcecode.c.objc</string>
			<key>path</key>
			<string>WKRootViewController.m</string>
			<key>sourceTree</key>
			<string>&lt;group&gt;</string>
		</dict>
		<key>6786477C1D54C6A400451958</key>
		<dict>
			<key>fileRef</key>
			<string>6786477B1D54C6A400451958</string>
			<key>isa</key>
			<string>PBXBuildFile</string>
		</dict>
		<key>83B8B6A6EC7B4C6815D6B6A5</key>
		<dict>
			<key>buildActionMask</key>
			<string>2147483647</string>
			<key>files</key>
			<array/>
			<key>inputPaths</key>
			<array/>
			<key>isa</key>
			<string>PBXShellScriptBuildPhase</string>
			<key>name</key>
			<string>[CP] Embed Pods Frameworks</string>
			<key>outputPaths</key>
			<array/>
			<key>runOnlyForDeploymentPostprocessing</key>
			<string>0</string>
			<key>shellPath</key>
			<string>/bin/sh</string>
			<key>shellScript</key>
			<string>"${SRCROOT}/Pods/Target Support Files/Pods-WKMusic/Pods-WKMusic-frameworks.sh"
</string>
			<key>showEnvVarsInLog</key>
			<string>0</string>
		</dict>
		<key>87AD3AED65873AAB5DFB043C</key>
		<dict>
			<key>buildActionMask</key>
			<string>2147483647</string>
			<key>files</key>
			<array/>
			<key>inputPaths</key>
			<array/>
			<key>isa</key>
			<string>PBXShellScriptBuildPhase</string>
			<key>name</key>
			<string>[CP] Check Pods Manifest.lock</string>
			<key>outputPaths</key>
			<array/>
			<key>runOnlyForDeploymentPostprocessing</key>
			<string>0</string>
			<key>shellPath</key>
			<string>/bin/sh</string>
			<key>shellScript</key>
			<string>diff "${PODS_ROOT}/../Podfile.lock" "${PODS_ROOT}/Manifest.lock" &gt; /dev/null
if [[ $? != 0 ]] ; then
    cat &lt;&lt; EOM
error: The sandbox is not in sync with the Podfile.lock. Run 'pod install' or update your CocoaPods installation.
EOM
    exit 1
fi
</string>
			<key>showEnvVarsInLog</key>
			<string>0</string>
		</dict>
		<key>A0DEAFFE665C84E7D126C6CB</key>
		<dict>
			<key>includeInIndex</key>
			<string>1</string>
			<key>isa</key>
			<string>PBXFileReference</string>
			<key>lastKnownFileType</key>
			<string>text.xcconfig</string>
			<key>name</key>
			<string>Pods-WKMusic.release.xcconfig</string>
			<key>path</key>
			<string>Pods/Target Support Files/Pods-WKMusic/Pods-WKMusic.release.xcconfig</string>
			<key>sourceTree</key>
			<string>&lt;group&gt;</string>
		</dict>
		<key>BCF886F348B0C527DFE85ABD</key>
		<dict>
			<key>explicitFileType</key>
			<string>archive.ar</string>
			<key>includeInIndex</key>
			<string>0</string>
			<key>isa</key>
			<string>PBXFileReference</string>
			<key>path</key>
			<string>libPods-WKMusic.a</string>
			<key>sourceTree</key>
			<string>BUILT_PRODUCTS_DIR</string>
		</dict>
		<key>C001D2D1CAFB11A44BEDC255</key>
		<dict>
			<key>children</key>
			<array>
				<string>BCF886F348B0C527DFE85ABD</string>
			</array>
			<key>isa</key>
			<string>PBXGroup</string>
			<key>name</key>
			<string>Frameworks</string>
			<key>sourceTree</key>
			<string>&lt;group&gt;</string>
		</dict>
		<key>D8FEFB9EB42A56EF29854C14</key>
		<dict>
			<key>includeInIndex</key>
			<string>1</string>
			<key>isa</key>
			<string>PBXFileReference</string>
			<key>lastKnownFileType</key>
			<string>text.xcconfig</string>
			<key>name</key>
			<string>Pods-WKMusic.debug.xcconfig</string>
			<key>path</key>
			<string>Pods/Target Support Files/Pods-WKMusic/Pods-WKMusic.debug.xcconfig</string>
			<key>sourceTree</key>
			<string>&lt;group&gt;</string>
		</dict>
		<key>DF896CBF0806802F2FADC35E</key>
		<dict>
			<key>fileRef</key>
			<string>BCF886F348B0C527DFE85ABD</string>
			<key>isa</key>
			<string>PBXBuildFile</string>
		</dict>
	</dict>
	<key>rootObject</key>
	<string>671895621D54C25E007E3720</string>
</dict>
</plist>
